// !$*UTF8*$!
{
	archiveVersion = 1;
	classes = {
	};
	objectVersion = 50;
	objects = {

/* Begin PBXBuildFile section */
		020EEDC824513AF200FDEF70 /* EmojiBadges.swift in Sources */ = {isa = PBXBuildFile; fileRef = 020EEDC724513AF200FDEF70 /* EmojiBadges.swift */; };
		022C8D9E24513A41003009D4 /* AppDelegate.swift in Sources */ = {isa = PBXBuildFile; fileRef = 022C8D9D24513A41003009D4 /* AppDelegate.swift */; };
		022C8DA024513A41003009D4 /* SceneDelegate.swift in Sources */ = {isa = PBXBuildFile; fileRef = 022C8D9F24513A41003009D4 /* SceneDelegate.swift */; };
		022C8DA224513A41003009D4 /* ViewController.swift in Sources */ = {isa = PBXBuildFile; fileRef = 022C8DA124513A41003009D4 /* ViewController.swift */; };
		022C8DA524513A41003009D4 /* Main.storyboard in Resources */ = {isa = PBXBuildFile; fileRef = 022C8DA324513A41003009D4 /* Main.storyboard */; };
		022C8DA724513A41003009D4 /* Assets.xcassets in Resources */ = {isa = PBXBuildFile; fileRef = 022C8DA624513A41003009D4 /* Assets.xcassets */; };
		022C8DAA24513A41003009D4 /* LaunchScreen.storyboard in Resources */ = {isa = PBXBuildFile; fileRef = 022C8DA824513A41003009D4 /* LaunchScreen.storyboard */; };
/* End PBXBuildFile section */

/* Begin PBXFileReference section */
		020EEDC724513AF200FDEF70 /* EmojiBadges.swift */ = {isa = PBXFileReference; lastKnownFileType = sourcecode.swift; path = EmojiBadges.swift; sourceTree = "<group>"; };
		020EEDC924513C0100FDEF70 /* UIApplication+Private.h */ = {isa = PBXFileReference; lastKnownFileType = sourcecode.c.h; path = "UIApplication+Private.h"; sourceTree = "<group>"; };
		020EEDCA24513D5D00FDEF70 /* Emoji-Badge-Demo-Bridging-Header.h */ = {isa = PBXFileReference; lastKnownFileType = sourcecode.c.h; path = "Emoji-Badge-Demo-Bridging-Header.h"; sourceTree = "<group>"; };
		022C8D9A24513A41003009D4 /* Emoji Badges.app */ = {isa = PBXFileReference; explicitFileType = wrapper.application; includeInIndex = 0; path = "Emoji Badges.app"; sourceTree = BUILT_PRODUCTS_DIR; };
		022C8D9D24513A41003009D4 /* AppDelegate.swift */ = {isa = PBXFileReference; lastKnownFileType = sourcecode.swift; path = AppDelegate.swift; sourceTree = "<group>"; };
		022C8D9F24513A41003009D4 /* SceneDelegate.swift */ = {isa = PBXFileReference; lastKnownFileType = sourcecode.swift; path = SceneDelegate.swift; sourceTree = "<group>"; };
		022C8DA124513A41003009D4 /* ViewController.swift */ = {isa = PBXFileReference; lastKnownFileType = sourcecode.swift; path = ViewController.swift; sourceTree = "<group>"; };
		022C8DA424513A41003009D4 /* Base */ = {isa = PBXFileReference; lastKnownFileType = file.storyboard; name = Base; path = Base.lproj/Main.storyboard; sourceTree = "<group>"; };
		022C8DA624513A41003009D4 /* Assets.xcassets */ = {isa = PBXFileReference; lastKnownFileType = folder.assetcatalog; path = Assets.xcassets; sourceTree = "<group>"; };
		022C8DA924513A41003009D4 /* Base */ = {isa = PBXFileReference; lastKnownFileType = file.storyboard; name = Base; path = Base.lproj/LaunchScreen.storyboard; sourceTree = "<group>"; };
		022C8DAB24513A41003009D4 /* Info.plist */ = {isa = PBXFileReference; lastKnownFileType = text.plist.xml; path = Info.plist; sourceTree = "<group>"; };
/* End PBXFileReference section */

/* Begin PBXFrameworksBuildPhase section */
		022C8D9724513A41003009D4 /* Frameworks */ = {
			isa = PBXFrameworksBuildPhase;
			buildActionMask = 2147483647;
			files = (
			);
			runOnlyForDeploymentPostprocessing = 0;
		};
/* End PBXFrameworksBuildPhase section */

/* Begin PBXGroup section */
		020EEDC624513A8800FDEF70 /* Demo Supporting Files */ = {
			isa = PBXGroup;
			children = (
				022C8D9D24513A41003009D4 /* AppDelegate.swift */,
				022C8D9F24513A41003009D4 /* SceneDelegate.swift */,
				022C8DA124513A41003009D4 /* ViewController.swift */,
				022C8DA324513A41003009D4 /* Main.storyboard */,
				022C8DA624513A41003009D4 /* Assets.xcassets */,
				022C8DA824513A41003009D4 /* LaunchScreen.storyboard */,
				022C8DAB24513A41003009D4 /* Info.plist */,
				020EEDCA24513D5D00FDEF70 /* Emoji-Badge-Demo-Bridging-Header.h */,
			);
			path = "Demo Supporting Files";
			sourceTree = "<group>";
		};
		022C8D9124513A41003009D4 = {
			isa = PBXGroup;
			children = (
				022C8D9C24513A41003009D4 /* Emoji-Badge-Demo */,
				022C8D9B24513A41003009D4 /* Products */,
			);
			sourceTree = "<group>";
		};
		022C8D9B24513A41003009D4 /* Products */ = {
			isa = PBXGroup;
			children = (
				022C8D9A24513A41003009D4 /* Emoji Badges.app */,
			);
			name = Products;
			sourceTree = "<group>";
		};
		022C8D9C24513A41003009D4 /* Emoji-Badge-Demo */ = {
			isa = PBXGroup;
			children = (
				020EEDC724513AF200FDEF70 /* EmojiBadges.swift */,
				020EEDC924513C0100FDEF70 /* UIApplication+Private.h */,
				020EEDC624513A8800FDEF70 /* Demo Supporting Files */,
			);
			path = "Emoji-Badge-Demo";
			sourceTree = "<group>";
		};
/* End PBXGroup section */

/* Begin PBXNativeTarget section */
		022C8D9924513A41003009D4 /* Emoji-Badge-Demo */ = {
			isa = PBXNativeTarget;
			buildConfigurationList = 022C8DAE24513A41003009D4 /* Build configuration list for PBXNativeTarget "Emoji-Badge-Demo" */;
			buildPhases = (
				022C8D9624513A41003009D4 /* Sources */,
				022C8D9724513A41003009D4 /* Frameworks */,
				022C8D9824513A41003009D4 /* Resources */,
			);
			buildRules = (
			);
			dependencies = (
			);
			name = "Emoji-Badge-Demo";
			productName = "Emoji-Badge-Demo";
			productReference = 022C8D9A24513A41003009D4 /* Emoji Badges.app */;
			productType = "com.apple.product-type.application";
		};
/* End PBXNativeTarget section */

/* Begin PBXProject section */
		022C8D9224513A41003009D4 /* Project object */ = {
			isa = PBXProject;
			attributes = {
				LastSwiftUpdateCheck = 1140;
				LastUpgradeCheck = 1140;
				ORGANIZATIONNAME = bryce.co;
				TargetAttributes = {
					022C8D9924513A41003009D4 = {
						CreatedOnToolsVersion = 11.4;
					};
				};
			};
			buildConfigurationList = 022C8D9524513A41003009D4 /* Build configuration list for PBXProject "Emoji-Badge-Demo" */;
			compatibilityVersion = "Xcode 9.3";
			developmentRegion = en;
			hasScannedForEncodings = 0;
			knownRegions = (
				en,
				Base,
			);
			mainGroup = 022C8D9124513A41003009D4;
			productRefGroup = 022C8D9B24513A41003009D4 /* Products */;
			projectDirPath = "";
			projectRoot = "";
			targets = (
				022C8D9924513A41003009D4 /* Emoji-Badge-Demo */,
			);
		};
/* End PBXProject section */

/* Begin PBXResourcesBuildPhase section */
		022C8D9824513A41003009D4 /* Resources */ = {
			isa = PBXResourcesBuildPhase;
			buildActionMask = 2147483647;
			files = (
				022C8DAA24513A41003009D4 /* LaunchScreen.storyboard in Resources */,
				022C8DA724513A41003009D4 /* Assets.xcassets in Resources */,
				022C8DA524513A41003009D4 /* Main.storyboard in Resources */,
			);
			runOnlyForDeploymentPostprocessing = 0;
		};
/* End PBXResourcesBuildPhase section */

/* Begin PBXSourcesBuildPhase section */
		022C8D9624513A41003009D4 /* Sources */ = {
			isa = PBXSourcesBuildPhase;
			buildActionMask = 2147483647;
			files = (
				022C8DA224513A41003009D4 /* ViewController.swift in Sources */,
				022C8D9E24513A41003009D4 /* AppDelegate.swift in Sources */,
				020EEDC824513AF200FDEF70 /* EmojiBadges.swift in Sources */,
				022C8DA024513A41003009D4 /* SceneDelegate.swift in Sources */,
			);
			runOnlyForDeploymentPostprocessing = 0;
		};
/* End PBXSourcesBuildPhase section */

/* Begin PBXVariantGroup section */
		022C8DA324513A41003009D4 /* Main.storyboard */ = {
			isa = PBXVariantGroup;
			children = (
				022C8DA424513A41003009D4 /* Base */,
			);
			name = Main.storyboard;
			sourceTree = "<group>";
		};
		022C8DA824513A41003009D4 /* LaunchScreen.storyboard */ = {
			isa = PBXVariantGroup;
			children = (
				022C8DA924513A41003009D4 /* Base */,
			);
			name = LaunchScreen.storyboard;
			sourceTree = "<group>";
		};
/* End PBXVariantGroup section */

/* Begin XCBuildConfiguration section */
		022C8DAC24513A41003009D4 /* Debug */ = {
			isa = XCBuildConfiguration;
			buildSettings = {
				ALWAYS_SEARCH_USER_PATHS = NO;
				CLANG_ANALYZER_NONNULL = YES;
				CLANG_ANALYZER_NUMBER_OBJECT_CONVERSION = YES_AGGRESSIVE;
				CLANG_CXX_LANGUAGE_STANDARD = "gnu++14";
				CLANG_CXX_LIBRARY = "libc++";
				CLANG_ENABLE_MODULES = YES;
				CLANG_ENABLE_OBJC_ARC = YES;
				CLANG_ENABLE_OBJC_WEAK = YES;
				CLANG_WARN_BLOCK_CAPTURE_AUTORELEASING = YES;
				CLANG_WARN_BOOL_CONVERSION = YES;
				CLANG_WARN_COMMA = YES;
				CLANG_WARN_CONSTANT_CONVERSION = YES;
				CLANG_WARN_DEPRECATED_OBJC_IMPLEMENTATIONS = YES;
				CLANG_WARN_DIRECT_OBJC_ISA_USAGE = YES_ERROR;
				CLANG_WARN_DOCUMENTATION_COMMENTS = YES;
				CLANG_WARN_EMPTY_BODY = YES;
				CLANG_WARN_ENUM_CONVERSION = YES;
				CLANG_WARN_INFINITE_RECURSION = YES;
				CLANG_WARN_INT_CONVERSION = YES;
				CLANG_WARN_NON_LITERAL_NULL_CONVERSION = YES;
				CLANG_WARN_OBJC_IMPLICIT_RETAIN_SELF = YES;
				CLANG_WARN_OBJC_LITERAL_CONVERSION = YES;
				CLANG_WARN_OBJC_ROOT_CLASS = YES_ERROR;
				CLANG_WARN_RANGE_LOOP_ANALYSIS = YES;
				CLANG_WARN_STRICT_PROTOTYPES = YES;
				CLANG_WARN_SUSPICIOUS_MOVE = YES;
				CLANG_WARN_UNGUARDED_AVAILABILITY = YES_AGGRESSIVE;
				CLANG_WARN_UNREACHABLE_CODE = YES;
				CLANG_WARN__DUPLICATE_METHOD_MATCH = YES;
				COPY_PHASE_STRIP = NO;
				DEBUG_INFORMATION_FORMAT = dwarf;
				ENABLE_STRICT_OBJC_MSGSEND = YES;
				ENABLE_TESTABILITY = YES;
				GCC_C_LANGUAGE_STANDARD = gnu11;
				GCC_DYNAMIC_NO_PIC = NO;
				GCC_NO_COMMON_BLOCKS = YES;
				GCC_OPTIMIZATION_LEVEL = 0;
				GCC_PREPROCESSOR_DEFINITIONS = (
					"DEBUG=1",
					"$(inherited)",
				);
				GCC_WARN_64_TO_32_BIT_CONVERSION = YES;
				GCC_WARN_ABOUT_RETURN_TYPE = YES_ERROR;
				GCC_WARN_UNDECLARED_SELECTOR = YES;
				GCC_WARN_UNINITIALIZED_AUTOS = YES_AGGRESSIVE;
				GCC_WARN_UNUSED_FUNCTION = YES;
				GCC_WARN_UNUSED_VARIABLE = YES;
				IPHONEOS_DEPLOYMENT_TARGET = 13.0;
				MTL_ENABLE_DEBUG_INFO = INCLUDE_SOURCE;
				MTL_FAST_MATH = YES;
				ONLY_ACTIVE_ARCH = YES;
				SDKROOT = iphoneos;
				SWIFT_ACTIVE_COMPILATION_CONDITIONS = DEBUG;
				SWIFT_OPTIMIZATION_LEVEL = "-Onone";
			};
			name = Debug;
		};
		022C8DAD24513A41003009D4 /* Release */ = {
			isa = XCBuildConfiguration;
			buildSettings = {
				ALWAYS_SEARCH_USER_PATHS = NO;
				CLANG_ANALYZER_NONNULL = YES;
				CLANG_ANALYZER_NUMBER_OBJECT_CONVERSION = YES_AGGRESSIVE;
				CLANG_CXX_LANGUAGE_STANDARD = "gnu++14";
				CLANG_CXX_LIBRARY = "libc++";
				CLANG_ENABLE_MODULES = YES;
				CLANG_ENABLE_OBJC_ARC = YES;
				CLANG_ENABLE_OBJC_WEAK = YES;
				CLANG_WARN_BLOCK_CAPTURE_AUTORELEASING = YES;
				CLANG_WARN_BOOL_CONVERSION = YES;
				CLANG_WARN_COMMA = YES;
				CLANG_WARN_CONSTANT_CONVERSION = YES;
				CLANG_WARN_DEPRECATED_OBJC_IMPLEMENTATIONS = YES;
				CLANG_WARN_DIRECT_OBJC_ISA_USAGE = YES_ERROR;
				CLANG_WARN_DOCUMENTATION_COMMENTS = YES;
				CLANG_WARN_EMPTY_BODY = YES;
				CLANG_WARN_ENUM_CONVERSION = YES;
				CLANG_WARN_INFINITE_RECURSION = YES;
				CLANG_WARN_INT_CONVERSION = YES;
				CLANG_WARN_NON_LITERAL_NULL_CONVERSION = YES;
				CLANG_WARN_OBJC_IMPLICIT_RETAIN_SELF = YES;
				CLANG_WARN_OBJC_LITERAL_CONVERSION = YES;
				CLANG_WARN_OBJC_ROOT_CLASS = YES_ERROR;
				CLANG_WARN_RANGE_LOOP_ANALYSIS = YES;
				CLANG_WARN_STRICT_PROTOTYPES = YES;
				CLANG_WARN_SUSPICIOUS_MOVE = YES;
				CLANG_WARN_UNGUARDED_AVAILABILITY = YES_AGGRESSIVE;
				CLANG_WARN_UNREACHABLE_CODE = YES;
				CLANG_WARN__DUPLICATE_METHOD_MATCH = YES;
				COPY_PHASE_STRIP = NO;
				DEBUG_INFORMATION_FORMAT = "dwarf-with-dsym";
				ENABLE_NS_ASSERTIONS = NO;
				ENABLE_STRICT_OBJC_MSGSEND = YES;
				GCC_C_LANGUAGE_STANDARD = gnu11;
				GCC_NO_COMMON_BLOCKS = YES;
				GCC_WARN_64_TO_32_BIT_CONVERSION = YES;
				GCC_WARN_ABOUT_RETURN_TYPE = YES_ERROR;
				GCC_WARN_UNDECLARED_SELECTOR = YES;
				GCC_WARN_UNINITIALIZED_AUTOS = YES_AGGRESSIVE;
				GCC_WARN_UNUSED_FUNCTION = YES;
				GCC_WARN_UNUSED_VARIABLE = YES;
				IPHONEOS_DEPLOYMENT_TARGET = 13.0;
				MTL_ENABLE_DEBUG_INFO = NO;
				MTL_FAST_MATH = YES;
				SDKROOT = iphoneos;
				SWIFT_COMPILATION_MODE = wholemodule;
				SWIFT_OPTIMIZATION_LEVEL = "-O";
				VALIDATE_PRODUCT = YES;
			};
			name = Release;
		};
		022C8DAF24513A41003009D4 /* Debug */ = {
			isa = XCBuildConfiguration;
			buildSettings = {
				ASSETCATALOG_COMPILER_APPICON_NAME = AppIcon;
				CODE_SIGN_STYLE = Automatic;
				DEVELOPMENT_TEAM = FGFSR7EX83;
				INFOPLIST_FILE = "Emoji-Badge-Demo/Demo Supporting Files/Info.plist";
				LD_RUNPATH_SEARCH_PATHS = (
					"$(inherited)",
					"@executable_path/Frameworks",
				);
				PRODUCT_BUNDLE_IDENTIFIER = "co.bryce.Emoji-Badge-Demo";
				PRODUCT_NAME = "Emoji Badges";
				SWIFT_OBJC_BRIDGING_HEADER = "Emoji-Badge-Demo/Demo Supporting Files/Emoji-Badge-Demo-Bridging-Header.h";
				SWIFT_VERSION = 5.0;
				TARGETED_DEVICE_FAMILY = "1,2";
			};
			name = Debug;
		};
		022C8DB024513A41003009D4 /* Release */ = {
			isa = XCBuildConfiguration;
			buildSettings = {
				ASSETCATALOG_COMPILER_APPICON_NAME = AppIcon;
				CODE_SIGN_STYLE = Automatic;
				DEVELOPMENT_TEAM = FGFSR7EX83;
				INFOPLIST_FILE = "Emoji-Badge-Demo/Demo Supporting Files/Info.plist";
				LD_RUNPATH_SEARCH_PATHS = (
					"$(inherited)",
					"@executable_path/Frameworks",
				);
				PRODUCT_BUNDLE_IDENTIFIER = "co.bryce.Emoji-Badge-Demo";
				PRODUCT_NAME = "Emoji Badges";
				SWIFT_OBJC_BRIDGING_HEADER = "Emoji-Badge-Demo/Demo Supporting Files/Emoji-Badge-Demo-Bridging-Header.h";
				SWIFT_VERSION = 5.0;
				TARGETED_DEVICE_FAMILY = "1,2";
			};
			name = Release;
		};
/* End XCBuildConfiguration section */

/* Begin XCConfigurationList section */
		022C8D9524513A41003009D4 /* Build configuration list for PBXProject "Emoji-Badge-Demo" */ = {
			isa = XCConfigurationList;
			buildConfigurations = (
				022C8DAC24513A41003009D4 /* Debug */,
				022C8DAD24513A41003009D4 /* Release */,
			);
			defaultConfigurationIsVisible = 0;
			defaultConfigurationName = Release;
		};
		022C8DAE24513A41003009D4 /* Build configuration list for PBXNativeTarget "Emoji-Badge-Demo" */ = {
			isa = XCConfigurationList;
			buildConfigurations = (
				022C8DAF24513A41003009D4 /* Debug */,
				022C8DB024513A41003009D4 /* Release */,
			);
			defaultConfigurationIsVisible = 0;
			defaultConfigurationName = Release;
		};
/* End XCConfigurationList section */
	};
	rootObject = 022C8D9224513A41003009D4 /* Project object */;
}
